
Microsoft Visual Studio Solution File, Format Version 12.00
# Visual Studio Version 16
VisualStudioVersion = 16.0.31205.134
MinimumVisualStudioVersion = 10.0.40219.1
Project("{FAE04EC0-301F-11D3-BF4B-00C04F79EFBC}") = "Tp1", "Tp1\Tp1.csproj", "{49979349-BFE5-47F9-B160-78075CFBB092}"
EndProject
Global
	GlobalSection(SolutionConfigurationPlatforms) = preSolution
		Debug|Any CPU = Debug|Any CPU
		Release|Any CPU = Release|Any CPU
	EndGlobalSection
	GlobalSection(ProjectConfigurationPlatforms) = postSolution
		{49979349-BFE5-47F9-B160-78075CFBB092}.Debug|Any CPU.ActiveCfg = Debug|Any CPU
		{49979349-BFE5-47F9-B160-78075CFBB092}.Debug|Any CPU.Build.0 = Debug|Any CPU
		{49979349-BFE5-47F9-B160-78075CFBB092}.Release|Any CPU.ActiveCfg = Release|Any CPU
		{49979349-BFE5-47F9-B160-78075CFBB092}.Release|Any CPU.Build.0 = Release|Any CPU
	EndGlobalSection
	GlobalSection(SolutionProperties) = preSolution
		HideSolutionNode = FALSE
	EndGlobalSection
	GlobalSection(ExtensibilityGlobals) = postSolution
		SolutionGuid = {17880333-1E23-4B23-8330-95B1610B0CC8}
	EndGlobalSection
EndGlobal
