
Microsoft Visual Studio Solution File, Format Version 12.00
# Visual Studio Version 16
VisualStudioVersion = 16.0.31702.278
MinimumVisualStudioVersion = 10.0.40219.1
Project("{FAE04EC0-301F-11D3-BF4B-00C04F79EFBC}") = "TP5.Logic", "TP5.Logic\TP5.Logic.csproj", "{233CEA3E-4AB8-4E6E-99B8-F31CE1D1A979}"
EndProject
Project("{FAE04EC0-301F-11D3-BF4B-00C04F79EFBC}") = "TP5.Entities", "TP5.Entities\TP5.Entities.csproj", "{B91CDA5E-0D6A-4B8E-A114-BEAC89A75B1B}"
EndProject
Project("{FAE04EC0-301F-11D3-BF4B-00C04F79EFBC}") = "TP5.Data", "TP5.Data\TP5.Data.csproj", "{BA967B03-13D3-4ECB-8DBA-9486B1F6A49B}"
EndProject
Project("{FAE04EC0-301F-11D3-BF4B-00C04F79EFBC}") = "UnitTestTP5", "UnitTestLogic\UnitTestTP5.csproj", "{06270BA1-D6AC-4D4F-B9C6-134C999526AE}"
EndProject
Global
	GlobalSection(SolutionConfigurationPlatforms) = preSolution
		Debug|Any CPU = Debug|Any CPU
		Release|Any CPU = Release|Any CPU
	EndGlobalSection
	GlobalSection(ProjectConfigurationPlatforms) = postSolution
		{233CEA3E-4AB8-4E6E-99B8-F31CE1D1A979}.Debug|Any CPU.ActiveCfg = Debug|Any CPU
		{233CEA3E-4AB8-4E6E-99B8-F31CE1D1A979}.Debug|Any CPU.Build.0 = Debug|Any CPU
		{233CEA3E-4AB8-4E6E-99B8-F31CE1D1A979}.Release|Any CPU.ActiveCfg = Release|Any CPU
		{233CEA3E-4AB8-4E6E-99B8-F31CE1D1A979}.Release|Any CPU.Build.0 = Release|Any CPU
		{B91CDA5E-0D6A-4B8E-A114-BEAC89A75B1B}.Debug|Any CPU.ActiveCfg = Debug|Any CPU
		{B91CDA5E-0D6A-4B8E-A114-BEAC89A75B1B}.Debug|Any CPU.Build.0 = Debug|Any CPU
		{B91CDA5E-0D6A-4B8E-A114-BEAC89A75B1B}.Release|Any CPU.ActiveCfg = Release|Any CPU
		{B91CDA5E-0D6A-4B8E-A114-BEAC89A75B1B}.Release|Any CPU.Build.0 = Release|Any CPU
		{BA967B03-13D3-4ECB-8DBA-9486B1F6A49B}.Debug|Any CPU.ActiveCfg = Debug|Any CPU
		{BA967B03-13D3-4ECB-8DBA-9486B1F6A49B}.Debug|Any CPU.Build.0 = Debug|Any CPU
		{BA967B03-13D3-4ECB-8DBA-9486B1F6A49B}.Release|Any CPU.ActiveCfg = Release|Any CPU
		{BA967B03-13D3-4ECB-8DBA-9486B1F6A49B}.Release|Any CPU.Build.0 = Release|Any CPU
		{06270BA1-D6AC-4D4F-B9C6-134C999526AE}.Debug|Any CPU.ActiveCfg = Debug|Any CPU
		{06270BA1-D6AC-4D4F-B9C6-134C999526AE}.Debug|Any CPU.Build.0 = Debug|Any CPU
		{06270BA1-D6AC-4D4F-B9C6-134C999526AE}.Release|Any CPU.ActiveCfg = Release|Any CPU
		{06270BA1-D6AC-4D4F-B9C6-134C999526AE}.Release|Any CPU.Build.0 = Release|Any CPU
	EndGlobalSection
	GlobalSection(SolutionProperties) = preSolution
		HideSolutionNode = FALSE
	EndGlobalSection
	GlobalSection(ExtensibilityGlobals) = postSolution
		SolutionGuid = {BE6F628B-227E-4EEB-A907-A4E8C5D9FBFE}
	EndGlobalSection
EndGlobal
